
Microsoft Visual Studio Solution File, Format Version 12.00
# Visual Studio 14
VisualStudioVersion = 14.0.24720.0
MinimumVisualStudioVersion = 10.0.40219.1
Project("{FAE04EC0-301F-11D3-BF4B-00C04F79EFBC}") = "MVCTest", "MVCTest\MVCTest.csproj", "{9DB678A7-6438-4EFF-B1DA-8E39A27760DB}"
EndProject
Global
	GlobalSection(SolutionConfigurationPlatforms) = preSolution
		Debug|Any CPU = Debug|Any CPU
		Release|Any CPU = Release|Any CPU
	EndGlobalSection
	GlobalSection(ProjectConfigurationPlatforms) = postSolution
		{9DB678A7-6438-4EFF-B1DA-8E39A27760DB}.Debug|Any CPU.ActiveCfg = Debug|Any CPU
		{9DB678A7-6438-4EFF-B1DA-8E39A27760DB}.Debug|Any CPU.Build.0 = Debug|Any CPU
		{9DB678A7-6438-4EFF-B1DA-8E39A27760DB}.Release|Any CPU.ActiveCfg = Release|Any CPU
		{9DB678A7-6438-4EFF-B1DA-8E39A27760DB}.Release|Any CPU.Build.0 = Release|Any CPU
	EndGlobalSection
	GlobalSection(SolutionProperties) = preSolution
		HideSolutionNode = FALSE
	EndGlobalSection
EndGlobal
